// !$*UTF8*$!
{
	archiveVersion = 1;
	classes = {
	};
	objectVersion = 50;
	objects = {

/* Begin PBXBuildFile section */
		B16116CC2263B5BB00FAD06A /* filterCollectionViewCell.swift in Sources */ = {isa = PBXBuildFile; fileRef = B16116CB2263B5BB00FAD06A /* filterCollectionViewCell.swift */; };
		B1BF340A225F009200387B37 /* AppDelegate.swift in Sources */ = {isa = PBXBuildFile; fileRef = B1BF3409225F009200387B37 /* AppDelegate.swift */; };
		B1BF340C225F009200387B37 /* ViewController.swift in Sources */ = {isa = PBXBuildFile; fileRef = B1BF340B225F009200387B37 /* ViewController.swift */; };
		B1BF3411225F009500387B37 /* Assets.xcassets in Resources */ = {isa = PBXBuildFile; fileRef = B1BF3410225F009500387B37 /* Assets.xcassets */; };
		B1BF3414225F009500387B37 /* LaunchScreen.storyboard in Resources */ = {isa = PBXBuildFile; fileRef = B1BF3412225F009500387B37 /* LaunchScreen.storyboard */; };
		B1BF341C225F0E6600387B37 /* Restaurant.swift in Sources */ = {isa = PBXBuildFile; fileRef = B1BF341B225F0E6600387B37 /* Restaurant.swift */; };
		B1BF3420225F229E00387B37 /* RestaurantCollectionViewCell.swift in Sources */ = {isa = PBXBuildFile; fileRef = B1BF341F225F229D00387B37 /* RestaurantCollectionViewCell.swift */; };
/* End PBXBuildFile section */

/* Begin PBXFileReference section */
		B16116CB2263B5BB00FAD06A /* filterCollectionViewCell.swift */ = {isa = PBXFileReference; lastKnownFileType = sourcecode.swift; path = filterCollectionViewCell.swift; sourceTree = "<group>"; };
		B1BF3406225F009200387B37 /* yw458_p5.app */ = {isa = PBXFileReference; explicitFileType = wrapper.application; includeInIndex = 0; path = yw458_p5.app; sourceTree = BUILT_PRODUCTS_DIR; };
		B1BF3409225F009200387B37 /* AppDelegate.swift */ = {isa = PBXFileReference; lastKnownFileType = sourcecode.swift; path = AppDelegate.swift; sourceTree = "<group>"; };
		B1BF340B225F009200387B37 /* ViewController.swift */ = {isa = PBXFileReference; lastKnownFileType = sourcecode.swift; path = ViewController.swift; sourceTree = "<group>"; };
		B1BF3410225F009500387B37 /* Assets.xcassets */ = {isa = PBXFileReference; lastKnownFileType = folder.assetcatalog; path = Assets.xcassets; sourceTree = "<group>"; };
		B1BF3413225F009500387B37 /* Base */ = {isa = PBXFileReference; lastKnownFileType = file.storyboard; name = Base; path = Base.lproj/LaunchScreen.storyboard; sourceTree = "<group>"; };
		B1BF3415225F009500387B37 /* Info.plist */ = {isa = PBXFileReference; lastKnownFileType = text.plist.xml; path = Info.plist; sourceTree = "<group>"; };
		B1BF341B225F0E6600387B37 /* Restaurant.swift */ = {isa = PBXFileReference; lastKnownFileType = sourcecode.swift; path = Restaurant.swift; sourceTree = "<group>"; };
		B1BF341F225F229D00387B37 /* RestaurantCollectionViewCell.swift */ = {isa = PBXFileReference; lastKnownFileType = sourcecode.swift; path = RestaurantCollectionViewCell.swift; sourceTree = "<group>"; };
/* End PBXFileReference section */

/* Begin PBXFrameworksBuildPhase section */
		B1BF3403225F009100387B37 /* Frameworks */ = {
			isa = PBXFrameworksBuildPhase;
			buildActionMask = 2147483647;
			files = (
			);
			runOnlyForDeploymentPostprocessing = 0;
		};
/* End PBXFrameworksBuildPhase section */

/* Begin PBXGroup section */
		B1BF33FD225F009100387B37 = {
			isa = PBXGroup;
			children = (
				B1BF3408225F009200387B37 /* yw458_p5 */,
				B1BF3407225F009200387B37 /* Products */,
			);
			sourceTree = "<group>";
		};
		B1BF3407225F009200387B37 /* Products */ = {
			isa = PBXGroup;
			children = (
				B1BF3406225F009200387B37 /* yw458_p5.app */,
			);
			name = Products;
			sourceTree = "<group>";
		};
		B1BF3408225F009200387B37 /* yw458_p5 */ = {
			isa = PBXGroup;
			children = (
				B1BF3409225F009200387B37 /* AppDelegate.swift */,
				B1BF340B225F009200387B37 /* ViewController.swift */,
				B1BF341F225F229D00387B37 /* RestaurantCollectionViewCell.swift */,
				B16116CB2263B5BB00FAD06A /* filterCollectionViewCell.swift */,
				B1BF341B225F0E6600387B37 /* Restaurant.swift */,
				B1BF3410225F009500387B37 /* Assets.xcassets */,
				B1BF3412225F009500387B37 /* LaunchScreen.storyboard */,
				B1BF3415225F009500387B37 /* Info.plist */,
			);
			path = yw458_p5;
			sourceTree = "<group>";
		};
/* End PBXGroup section */

/* Begin PBXNativeTarget section */
		B1BF3405225F009100387B37 /* yw458_p5 */ = {
			isa = PBXNativeTarget;
			buildConfigurationList = B1BF3418225F009500387B37 /* Build configuration list for PBXNativeTarget "yw458_p5" */;
			buildPhases = (
				B1BF3402225F009100387B37 /* Sources */,
				B1BF3403225F009100387B37 /* Frameworks */,
				B1BF3404225F009100387B37 /* Resources */,
			);
			buildRules = (
			);
			dependencies = (
			);
			name = yw458_p5;
			productName = yw458_p5;
			productReference = B1BF3406225F009200387B37 /* yw458_p5.app */;
			productType = "com.apple.product-type.application";
		};
/* End PBXNativeTarget section */

/* Begin PBXProject section */
		B1BF33FE225F009100387B37 /* Project object */ = {
			isa = PBXProject;
			attributes = {
				LastSwiftUpdateCheck = 1020;
				LastUpgradeCheck = 1020;
				ORGANIZATIONNAME = "Yunyun S. Wang";
				TargetAttributes = {
					B1BF3405225F009100387B37 = {
						CreatedOnToolsVersion = 10.2;
					};
				};
			};
			buildConfigurationList = B1BF3401225F009100387B37 /* Build configuration list for PBXProject "yw458_p5" */;
			compatibilityVersion = "Xcode 9.3";
			developmentRegion = en;
			hasScannedForEncodings = 0;
			knownRegions = (
				en,
				Base,
			);
			mainGroup = B1BF33FD225F009100387B37;
			productRefGroup = B1BF3407225F009200387B37 /* Products */;
			projectDirPath = "";
			projectRoot = "";
			targets = (
				B1BF3405225F009100387B37 /* yw458_p5 */,
			);
		};
/* End PBXProject section */

/* Begin PBXResourcesBuildPhase section */
		B1BF3404225F009100387B37 /* Resources */ = {
			isa = PBXResourcesBuildPhase;
			buildActionMask = 2147483647;
			files = (
				B1BF3414225F009500387B37 /* LaunchScreen.storyboard in Resources */,
				B1BF3411225F009500387B37 /* Assets.xcassets in Resources */,
			);
			runOnlyForDeploymentPostprocessing = 0;
		};
/* End PBXResourcesBuildPhase section */

/* Begin PBXSourcesBuildPhase section */
		B1BF3402225F009100387B37 /* Sources */ = {
			isa = PBXSourcesBuildPhase;
			buildActionMask = 2147483647;
			files = (
				B16116CC2263B5BB00FAD06A /* filterCollectionViewCell.swift in Sources */,
				B1BF340C225F009200387B37 /* ViewController.swift in Sources */,
				B1BF3420225F229E00387B37 /* RestaurantCollectionViewCell.swift in Sources */,
				B1BF340A225F009200387B37 /* AppDelegate.swift in Sources */,
				B1BF341C225F0E6600387B37 /* Restaurant.swift in Sources */,
			);
			runOnlyForDeploymentPostprocessing = 0;
		};
/* End PBXSourcesBuildPhase section */

/* Begin PBXVariantGroup section */
		B1BF3412225F009500387B37 /* LaunchScreen.storyboard */ = {
			isa = PBXVariantGroup;
			children = (
				B1BF3413225F009500387B37 /* Base */,
			);
			name = LaunchScreen.storyboard;
			sourceTree = "<group>";
		};
/* End PBXVariantGroup section */

/* Begin XCBuildConfiguration section */
		B1BF3416225F009500387B37 /* Debug */ = {
			isa = XCBuildConfiguration;
			buildSettings = {
				ALWAYS_SEARCH_USER_PATHS = NO;
				CLANG_ANALYZER_NONNULL = YES;
				CLANG_ANALYZER_NUMBER_OBJECT_CONVERSION = YES_AGGRESSIVE;
				CLANG_CXX_LANGUAGE_STANDARD = "gnu++14";
				CLANG_CXX_LIBRARY = "libc++";
				CLANG_ENABLE_MODULES = YES;
				CLANG_ENABLE_OBJC_ARC = YES;
				CLANG_ENABLE_OBJC_WEAK = YES;
				CLANG_WARN_BLOCK_CAPTURE_AUTORELEASING = YES;
				CLANG_WARN_BOOL_CONVERSION = YES;
				CLANG_WARN_COMMA = YES;
				CLANG_WARN_CONSTANT_CONVERSION = YES;
				CLANG_WARN_DEPRECATED_OBJC_IMPLEMENTATIONS = YES;
				CLANG_WARN_DIRECT_OBJC_ISA_USAGE = YES_ERROR;
				CLANG_WARN_DOCUMENTATION_COMMENTS = YES;
				CLANG_WARN_EMPTY_BODY = YES;
				CLANG_WARN_ENUM_CONVERSION = YES;
				CLANG_WARN_INFINITE_RECURSION = YES;
				CLANG_WARN_INT_CONVERSION = YES;
				CLANG_WARN_NON_LITERAL_NULL_CONVERSION = YES;
				CLANG_WARN_OBJC_IMPLICIT_RETAIN_SELF = YES;
				CLANG_WARN_OBJC_LITERAL_CONVERSION = YES;
				CLANG_WARN_OBJC_ROOT_CLASS = YES_ERROR;
				CLANG_WARN_RANGE_LOOP_ANALYSIS = YES;
				CLANG_WARN_STRICT_PROTOTYPES = YES;
				CLANG_WARN_SUSPICIOUS_MOVE = YES;
				CLANG_WARN_UNGUARDED_AVAILABILITY = YES_AGGRESSIVE;
				CLANG_WARN_UNREACHABLE_CODE = YES;
				CLANG_WARN__DUPLICATE_METHOD_MATCH = YES;
				CODE_SIGN_IDENTITY = "iPhone Developer";
				COPY_PHASE_STRIP = NO;
				DEBUG_INFORMATION_FORMAT = dwarf;
				ENABLE_STRICT_OBJC_MSGSEND = YES;
				ENABLE_TESTABILITY = YES;
				GCC_C_LANGUAGE_STANDARD = gnu11;
				GCC_DYNAMIC_NO_PIC = NO;
				GCC_NO_COMMON_BLOCKS = YES;
				GCC_OPTIMIZATION_LEVEL = 0;
				GCC_PREPROCESSOR_DEFINITIONS = (
					"DEBUG=1",
					"$(inherited)",
				);
				GCC_WARN_64_TO_32_BIT_CONVERSION = YES;
				GCC_WARN_ABOUT_RETURN_TYPE = YES_ERROR;
				GCC_WARN_UNDECLARED_SELECTOR = YES;
				GCC_WARN_UNINITIALIZED_AUTOS = YES_AGGRESSIVE;
				GCC_WARN_UNUSED_FUNCTION = YES;
				GCC_WARN_UNUSED_VARIABLE = YES;
				IPHONEOS_DEPLOYMENT_TARGET = 12.2;
				MTL_ENABLE_DEBUG_INFO = INCLUDE_SOURCE;
				MTL_FAST_MATH = YES;
				ONLY_ACTIVE_ARCH = YES;
				SDKROOT = iphoneos;
				SWIFT_ACTIVE_COMPILATION_CONDITIONS = DEBUG;
				SWIFT_OPTIMIZATION_LEVEL = "-Onone";
			};
			name = Debug;
		};
		B1BF3417225F009500387B37 /* Release */ = {
			isa = XCBuildConfiguration;
			buildSettings = {
				ALWAYS_SEARCH_USER_PATHS = NO;
				CLANG_ANALYZER_NONNULL = YES;
				CLANG_ANALYZER_NUMBER_OBJECT_CONVERSION = YES_AGGRESSIVE;
				CLANG_CXX_LANGUAGE_STANDARD = "gnu++14";
				CLANG_CXX_LIBRARY = "libc++";
				CLANG_ENABLE_MODULES = YES;
				CLANG_ENABLE_OBJC_ARC = YES;
				CLANG_ENABLE_OBJC_WEAK = YES;
				CLANG_WARN_BLOCK_CAPTURE_AUTORELEASING = YES;
				CLANG_WARN_BOOL_CONVERSION = YES;
				CLANG_WARN_COMMA = YES;
				CLANG_WARN_CONSTANT_CONVERSION = YES;
				CLANG_WARN_DEPRECATED_OBJC_IMPLEMENTATIONS = YES;
				CLANG_WARN_DIRECT_OBJC_ISA_USAGE = YES_ERROR;
				CLANG_WARN_DOCUMENTATION_COMMENTS = YES;
				CLANG_WARN_EMPTY_BODY = YES;
				CLANG_WARN_ENUM_CONVERSION = YES;
				CLANG_WARN_INFINITE_RECURSION = YES;
				CLANG_WARN_INT_CONVERSION = YES;
				CLANG_WARN_NON_LITERAL_NULL_CONVERSION = YES;
				CLANG_WARN_OBJC_IMPLICIT_RETAIN_SELF = YES;
				CLANG_WARN_OBJC_LITERAL_CONVERSION = YES;
				CLANG_WARN_OBJC_ROOT_CLASS = YES_ERROR;
				CLANG_WARN_RANGE_LOOP_ANALYSIS = YES;
				CLANG_WARN_STRICT_PROTOTYPES = YES;
				CLANG_WARN_SUSPICIOUS_MOVE = YES;
				CLANG_WARN_UNGUARDED_AVAILABILITY = YES_AGGRESSIVE;
				CLANG_WARN_UNREACHABLE_CODE = YES;
				CLANG_WARN__DUPLICATE_METHOD_MATCH = YES;
				CODE_SIGN_IDENTITY = "iPhone Developer";
				COPY_PHASE_STRIP = NO;
				DEBUG_INFORMATION_FORMAT = "dwarf-with-dsym";
				ENABLE_NS_ASSERTIONS = NO;
				ENABLE_STRICT_OBJC_MSGSEND = YES;
				GCC_C_LANGUAGE_STANDARD = gnu11;
				GCC_NO_COMMON_BLOCKS = YES;
				GCC_WARN_64_TO_32_BIT_CONVERSION = YES;
				GCC_WARN_ABOUT_RETURN_TYPE = YES_ERROR;
				GCC_WARN_UNDECLARED_SELECTOR = YES;
				GCC_WARN_UNINITIALIZED_AUTOS = YES_AGGRESSIVE;
				GCC_WARN_UNUSED_FUNCTION = YES;
				GCC_WARN_UNUSED_VARIABLE = YES;
				IPHONEOS_DEPLOYMENT_TARGET = 12.2;
				MTL_ENABLE_DEBUG_INFO = NO;
				MTL_FAST_MATH = YES;
				SDKROOT = iphoneos;
				SWIFT_COMPILATION_MODE = wholemodule;
				SWIFT_OPTIMIZATION_LEVEL = "-O";
				VALIDATE_PRODUCT = YES;
			};
			name = Release;
		};
		B1BF3419225F009500387B37 /* Debug */ = {
			isa = XCBuildConfiguration;
			buildSettings = {
				ASSETCATALOG_COMPILER_APPICON_NAME = AppIcon;
				CODE_SIGN_STYLE = Automatic;
				INFOPLIST_FILE = yw458_p5/Info.plist;
				LD_RUNPATH_SEARCH_PATHS = (
					"$(inherited)",
					"@executable_path/Frameworks",
				);
				PRODUCT_BUNDLE_IDENTIFIER = "com.yunyun.yw458-p5";
				PRODUCT_NAME = "$(TARGET_NAME)";
				SWIFT_VERSION = 5.0;
				TARGETED_DEVICE_FAMILY = "1,2";
			};
			name = Debug;
		};
		B1BF341A225F009500387B37 /* Release */ = {
			isa = XCBuildConfiguration;
			buildSettings = {
				ASSETCATALOG_COMPILER_APPICON_NAME = AppIcon;
				CODE_SIGN_STYLE = Automatic;
				INFOPLIST_FILE = yw458_p5/Info.plist;
				LD_RUNPATH_SEARCH_PATHS = (
					"$(inherited)",
					"@executable_path/Frameworks",
				);
				PRODUCT_BUNDLE_IDENTIFIER = "com.yunyun.yw458-p5";
				PRODUCT_NAME = "$(TARGET_NAME)";
				SWIFT_VERSION = 5.0;
				TARGETED_DEVICE_FAMILY = "1,2";
			};
			name = Release;
		};
/* End XCBuildConfiguration section */

/* Begin XCConfigurationList section */
		B1BF3401225F009100387B37 /* Build configuration list for PBXProject "yw458_p5" */ = {
			isa = XCConfigurationList;
			buildConfigurations = (
				B1BF3416225F009500387B37 /* Debug */,
				B1BF3417225F009500387B37 /* Release */,
			);
			defaultConfigurationIsVisible = 0;
			defaultConfigurationName = Release;
		};
		B1BF3418225F009500387B37 /* Build configuration list for PBXNativeTarget "yw458_p5" */ = {
			isa = XCConfigurationList;
			buildConfigurations = (
				B1BF3419225F009500387B37 /* Debug */,
				B1BF341A225F009500387B37 /* Release */,
			);
			defaultConfigurationIsVisible = 0;
			defaultConfigurationName = Release;
		};
/* End XCConfigurationList section */
	};
	rootObject = B1BF33FE225F009100387B37 /* Project object */;
}
